
Microsoft Visual Studio Solution File, Format Version 12.00
# Visual Studio 15
VisualStudioVersion = 15.0.28010.2041
MinimumVisualStudioVersion = 10.0.40219.1
Project("{FAE04EC0-301F-11D3-BF4B-00C04F79EFBC}") = "Sav_2", "Sav_2\Sav_2.csproj", "{31098782-A0AF-4A6A-818B-80DFB52F62C5}"
EndProject
Global
	GlobalSection(SolutionConfigurationPlatforms) = preSolution
		Debug|Any CPU = Debug|Any CPU
		Release|Any CPU = Release|Any CPU
	EndGlobalSection
	GlobalSection(ProjectConfigurationPlatforms) = postSolution
		{31098782-A0AF-4A6A-818B-80DFB52F62C5}.Debug|Any CPU.ActiveCfg = Debug|Any CPU
		{31098782-A0AF-4A6A-818B-80DFB52F62C5}.Debug|Any CPU.Build.0 = Debug|Any CPU
		{31098782-A0AF-4A6A-818B-80DFB52F62C5}.Release|Any CPU.ActiveCfg = Release|Any CPU
		{31098782-A0AF-4A6A-818B-80DFB52F62C5}.Release|Any CPU.Build.0 = Release|Any CPU
	EndGlobalSection
	GlobalSection(SolutionProperties) = preSolution
		HideSolutionNode = FALSE
	EndGlobalSection
	GlobalSection(ExtensibilityGlobals) = postSolution
		SolutionGuid = {DCAD9D8A-D977-46BB-A8B3-02C62DB54964}
	EndGlobalSection
EndGlobal
