
Microsoft Visual Studio Solution File, Format Version 12.00
# Visual Studio 15
VisualStudioVersion = 15.0.28010.2016
MinimumVisualStudioVersion = 10.0.40219.1
Project("{FAE04EC0-301F-11D3-BF4B-00C04F79EFBC}") = "3LaborasPaveldejimas", "3LaborasPaveldejimas.csproj", "{1A18F4AB-0D9C-45C7-BC24-E4E281D4843A}"
EndProject
Global
	GlobalSection(SolutionConfigurationPlatforms) = preSolution
		Debug|Any CPU = Debug|Any CPU
		Release|Any CPU = Release|Any CPU
	EndGlobalSection
	GlobalSection(ProjectConfigurationPlatforms) = postSolution
		{1A18F4AB-0D9C-45C7-BC24-E4E281D4843A}.Debug|Any CPU.ActiveCfg = Debug|Any CPU
		{1A18F4AB-0D9C-45C7-BC24-E4E281D4843A}.Debug|Any CPU.Build.0 = Debug|Any CPU
		{1A18F4AB-0D9C-45C7-BC24-E4E281D4843A}.Release|Any CPU.ActiveCfg = Release|Any CPU
		{1A18F4AB-0D9C-45C7-BC24-E4E281D4843A}.Release|Any CPU.Build.0 = Release|Any CPU
	EndGlobalSection
	GlobalSection(SolutionProperties) = preSolution
		HideSolutionNode = FALSE
	EndGlobalSection
	GlobalSection(ExtensibilityGlobals) = postSolution
		SolutionGuid = {54793E00-05FD-40FE-800D-4FCF2B2266AA}
	EndGlobalSection
EndGlobal
